# Generated by pub
# See http://pub.dartlang.org/doc/glossary.html#lockfile
packages:
  args:
    description: args
    source: hosted
    version: "0.13.0"
  bot:
    description: bot
    source: hosted
    version: "0.28.0"
  crypto:
    description: crypto
    source: hosted
    version: "0.9.0"
  csslib:
    description: csslib
    source: hosted
    version: "0.12.0"
  git:
    description: git
    source: hosted
    version: "0.4.4+1"
  github:
    description: github
    source: hosted
    version: "2.2.2"
  html:
    description: html
    source: hosted
    version: "0.12.1+1"
  logging:
    description: logging
    source: hosted
    version: "0.9.3"
  matcher:
    description: matcher
    source: hosted
    version: "0.11.4+4"
  path:
    description: path
    source: hosted
    version: "1.3.5"
  petitparser:
    description: petitparser
    source: hosted
    version: "1.3.7"
  quiver:
    description: quiver
    source: hosted
    version: "0.21.3"
  source_span:
    description: source_span
    source: hosted
    version: "1.1.2"
  stack_trace:
    description: stack_trace
    source: hosted
    version: "1.3.2"
  unittest:
    description: unittest
    source: hosted
    version: "0.11.6"
  utf:
    description: utf
    source: hosted
    version: "0.9.0+2"
  when:
    description: when
    source: hosted
    version: "0.2.0"
  which:
    description: which
    source: hosted
    version: "0.1.3"
  xml:
    description: xml
    source: hosted
    version: "2.2.3"
